
Microsoft Visual Studio Solution File, Format Version 12.00
# Visual Studio Version 17
VisualStudioVersion = 17.6.33815.320
MinimumVisualStudioVersion = 10.0.40219.1
Project("{9A19103F-16F7-4668-BE54-9A1E7A4F7556}") = "SampleShopingCartLib", "SampleShopingCartLib\SampleShopingCartLib.csproj", "{FE08ED75-5AAB-4AE2-85C4-92311DFD00A6}"
EndProject
Project("{9A19103F-16F7-4668-BE54-9A1E7A4F7556}") = "SampleShopingCartTest", "SampleShopingCartTest\SampleShopingCartTest.csproj", "{CEBE97CD-C69D-44F3-AF5B-A0461E86E56E}"
EndProject
Global
	GlobalSection(SolutionConfigurationPlatforms) = preSolution
		Debug|Any CPU = Debug|Any CPU
		Release|Any CPU = Release|Any CPU
	EndGlobalSection
	GlobalSection(ProjectConfigurationPlatforms) = postSolution
		{FE08ED75-5AAB-4AE2-85C4-92311DFD00A6}.Debug|Any CPU.ActiveCfg = Debug|Any CPU
		{FE08ED75-5AAB-4AE2-85C4-92311DFD00A6}.Debug|Any CPU.Build.0 = Debug|Any CPU
		{FE08ED75-5AAB-4AE2-85C4-92311DFD00A6}.Release|Any CPU.ActiveCfg = Release|Any CPU
		{FE08ED75-5AAB-4AE2-85C4-92311DFD00A6}.Release|Any CPU.Build.0 = Release|Any CPU
		{CEBE97CD-C69D-44F3-AF5B-A0461E86E56E}.Debug|Any CPU.ActiveCfg = Debug|Any CPU
		{CEBE97CD-C69D-44F3-AF5B-A0461E86E56E}.Debug|Any CPU.Build.0 = Debug|Any CPU
		{CEBE97CD-C69D-44F3-AF5B-A0461E86E56E}.Release|Any CPU.ActiveCfg = Release|Any CPU
		{CEBE97CD-C69D-44F3-AF5B-A0461E86E56E}.Release|Any CPU.Build.0 = Release|Any CPU
	EndGlobalSection
	GlobalSection(SolutionProperties) = preSolution
		HideSolutionNode = FALSE
	EndGlobalSection
	GlobalSection(ExtensibilityGlobals) = postSolution
		SolutionGuid = {5E2B9600-0373-4016-BE54-D7610CA855B0}
	EndGlobalSection
EndGlobal
